Microsoft Visual Studio Solution File, Format Version 12.00
# Visual Studio Version 17
# Phase 1 — Domain layer only. Application / Infrastructure / Server / Api
# projects are added in later phases (see docs/comparison-and-refactor.md).
Project("{FAE04EC0-301F-11D3-BF4B-00C04F79EFBC}") = "AuthReference.Domain", "src\AuthReference.Domain\AuthReference.Domain.csproj", "{3A2B3C4D-0001-0000-0000-000000000001}"
EndProject
Global
	GlobalSection(SolutionConfigurationPlatforms) = preSolution
		Debug|Any CPU = Debug|Any CPU
		Release|Any CPU = Release|Any CPU
	EndGlobalSection
	GlobalSection(ProjectConfigurationPlatforms) = postSolution
		{3A2B3C4D-0001-0000-0000-000000000001}.Debug|Any CPU.ActiveCfg = Debug|Any CPU
		{3A2B3C4D-0001-0000-0000-000000000001}.Debug|Any CPU.Build.0 = Debug|Any CPU
		{3A2B3C4D-0001-0000-0000-000000000001}.Release|Any CPU.ActiveCfg = Release|Any CPU
		{3A2B3C4D-0001-0000-0000-000000000001}.Release|Any CPU.Build.0 = Release|Any CPU
	EndGlobalSection
EndGlobal
